
Microsoft Visual Studio Solution File, Format Version 12.00
# Visual Studio 15
VisualStudioVersion = 15.0.27130.2026
MinimumVisualStudioVersion = 10.0.40219.1
Project("{8BC9CEB8-8B4A-11D0-8D11-00A0C91BC942}") = "KilometersToMiles", "KilometersToMiles\KilometersToMiles.vcxproj", "{C2F909E0-B86A-47BE-B19F-82D1C8E0043C}"
EndProject
Global
	GlobalSection(SolutionConfigurationPlatforms) = preSolution
		Debug|x64 = Debug|x64
		Debug|x86 = Debug|x86
		Release|x64 = Release|x64
		Release|x86 = Release|x86
	EndGlobalSection
	GlobalSection(ProjectConfigurationPlatforms) = postSolution
		{C2F909E0-B86A-47BE-B19F-82D1C8E0043C}.Debug|x64.ActiveCfg = Debug|x64
		{C2F909E0-B86A-47BE-B19F-82D1C8E0043C}.Debug|x64.Build.0 = Debug|x64
		{C2F909E0-B86A-47BE-B19F-82D1C8E0043C}.Debug|x86.ActiveCfg = Debug|Win32
		{C2F909E0-B86A-47BE-B19F-82D1C8E0043C}.Debug|x86.Build.0 = Debug|Win32
		{C2F909E0-B86A-47BE-B19F-82D1C8E0043C}.Release|x64.ActiveCfg = Release|x64
		{C2F909E0-B86A-47BE-B19F-82D1C8E0043C}.Release|x64.Build.0 = Release|x64
		{C2F909E0-B86A-47BE-B19F-82D1C8E0043C}.Release|x86.ActiveCfg = Release|Win32
		{C2F909E0-B86A-47BE-B19F-82D1C8E0043C}.Release|x86.Build.0 = Release|Win32
	EndGlobalSection
	GlobalSection(SolutionProperties) = preSolution
		HideSolutionNode = FALSE
	EndGlobalSection
	GlobalSection(ExtensibilityGlobals) = postSolution
		SolutionGuid = {7BAA7C44-3356-4FB3-85D5-E929BD2D5F2B}
	EndGlobalSection
EndGlobal
